
Microsoft Visual Studio Solution File, Format Version 12.00
# Visual Studio Version 16
VisualStudioVersion = 16.0.31515.178
MinimumVisualStudioVersion = 10.0.40219.1
Project("{FAE04EC0-301F-11D3-BF4B-00C04F79EFBC}") = "Mytestproject", "Mytestproject\Mytestproject.csproj", "{A0A9E93E-8F21-40B7-8EE1-2B4342601FC0}"
EndProject
Global
	GlobalSection(SolutionConfigurationPlatforms) = preSolution
		Debug|Any CPU = Debug|Any CPU
		Release|Any CPU = Release|Any CPU
	EndGlobalSection
	GlobalSection(ProjectConfigurationPlatforms) = postSolution
		{A0A9E93E-8F21-40B7-8EE1-2B4342601FC0}.Debug|Any CPU.ActiveCfg = Debug|Any CPU
		{A0A9E93E-8F21-40B7-8EE1-2B4342601FC0}.Debug|Any CPU.Build.0 = Debug|Any CPU
		{A0A9E93E-8F21-40B7-8EE1-2B4342601FC0}.Release|Any CPU.ActiveCfg = Release|Any CPU
		{A0A9E93E-8F21-40B7-8EE1-2B4342601FC0}.Release|Any CPU.Build.0 = Release|Any CPU
	EndGlobalSection
	GlobalSection(SolutionProperties) = preSolution
		HideSolutionNode = FALSE
	EndGlobalSection
	GlobalSection(ExtensibilityGlobals) = postSolution
		SolutionGuid = {37BA0A14-2D88-42B0-ACA9-7CCE4FD7E697}
	EndGlobalSection
EndGlobal
